
Microsoft Visual Studio Solution File, Format Version 12.00
# Visual Studio 15
VisualStudioVersion = 15.0.28307.271
MinimumVisualStudioVersion = 10.0.40219.1
Project("{FAE04EC0-301F-11D3-BF4B-00C04F79EFBC}") = "GestionNotes_DAO", "GestionNotes_DAO\GestionNotes_DAO.csproj", "{E8C2596A-5970-44A8-ABC4-10CD87D14A40}"
EndProject
Project("{FAE04EC0-301F-11D3-BF4B-00C04F79EFBC}") = "GestionNotes_IHM", "GestionNotes_IHM\GestionNotes_IHM.csproj", "{CF510ED5-248C-4500-BCEB-0C7743BAD88E}"
EndProject
Global
	GlobalSection(SolutionConfigurationPlatforms) = preSolution
		Debug|Any CPU = Debug|Any CPU
		Release|Any CPU = Release|Any CPU
	EndGlobalSection
	GlobalSection(ProjectConfigurationPlatforms) = postSolution
		{E8C2596A-5970-44A8-ABC4-10CD87D14A40}.Debug|Any CPU.ActiveCfg = Debug|Any CPU
		{E8C2596A-5970-44A8-ABC4-10CD87D14A40}.Debug|Any CPU.Build.0 = Debug|Any CPU
		{E8C2596A-5970-44A8-ABC4-10CD87D14A40}.Release|Any CPU.ActiveCfg = Release|Any CPU
		{E8C2596A-5970-44A8-ABC4-10CD87D14A40}.Release|Any CPU.Build.0 = Release|Any CPU
		{CF510ED5-248C-4500-BCEB-0C7743BAD88E}.Debug|Any CPU.ActiveCfg = Debug|Any CPU
		{CF510ED5-248C-4500-BCEB-0C7743BAD88E}.Debug|Any CPU.Build.0 = Debug|Any CPU
		{CF510ED5-248C-4500-BCEB-0C7743BAD88E}.Release|Any CPU.ActiveCfg = Release|Any CPU
		{CF510ED5-248C-4500-BCEB-0C7743BAD88E}.Release|Any CPU.Build.0 = Release|Any CPU
	EndGlobalSection
	GlobalSection(SolutionProperties) = preSolution
		HideSolutionNode = FALSE
	EndGlobalSection
	GlobalSection(ExtensibilityGlobals) = postSolution
		SolutionGuid = {FC0B9114-EE97-4103-AD50-7DC383EC454E}
	EndGlobalSection
EndGlobal
